
Microsoft Visual Studio Solution File, Format Version 12.00
# Visual Studio Version 16
VisualStudioVersion = 16.0.29709.97
MinimumVisualStudioVersion = 10.0.40219.1
Project("{FAE04EC0-301F-11D3-BF4B-00C04F79EFBC}") = "PairProgramming2", "PairProgramming2\PairProgramming2.csproj", "{6F86B11B-1F53-4004-83D5-525D89F67C39}"
EndProject
Project("{FAE04EC0-301F-11D3-BF4B-00C04F79EFBC}") = "Assembly", "Assembly\Assembly.csproj", "{9E111573-28AC-4860-8AEF-2525C129FBA2}"
EndProject
Project("{FAE04EC0-301F-11D3-BF4B-00C04F79EFBC}") = "ClassLibrary1", "ClassLibrary1\ClassLibrary1.csproj", "{FBF7ED0E-1FB1-4AC5-B0E7-8FB0D89BBD1D}"
EndProject
Global
	GlobalSection(SolutionConfigurationPlatforms) = preSolution
		Debug|Any CPU = Debug|Any CPU
		Release|Any CPU = Release|Any CPU
	EndGlobalSection
	GlobalSection(ProjectConfigurationPlatforms) = postSolution
		{6F86B11B-1F53-4004-83D5-525D89F67C39}.Debug|Any CPU.ActiveCfg = Debug|Any CPU
		{6F86B11B-1F53-4004-83D5-525D89F67C39}.Debug|Any CPU.Build.0 = Debug|Any CPU
		{6F86B11B-1F53-4004-83D5-525D89F67C39}.Release|Any CPU.ActiveCfg = Release|Any CPU
		{6F86B11B-1F53-4004-83D5-525D89F67C39}.Release|Any CPU.Build.0 = Release|Any CPU
		{9E111573-28AC-4860-8AEF-2525C129FBA2}.Debug|Any CPU.ActiveCfg = Debug|Any CPU
		{9E111573-28AC-4860-8AEF-2525C129FBA2}.Debug|Any CPU.Build.0 = Debug|Any CPU
		{9E111573-28AC-4860-8AEF-2525C129FBA2}.Release|Any CPU.ActiveCfg = Release|Any CPU
		{9E111573-28AC-4860-8AEF-2525C129FBA2}.Release|Any CPU.Build.0 = Release|Any CPU
		{FBF7ED0E-1FB1-4AC5-B0E7-8FB0D89BBD1D}.Debug|Any CPU.ActiveCfg = Debug|Any CPU
		{FBF7ED0E-1FB1-4AC5-B0E7-8FB0D89BBD1D}.Debug|Any CPU.Build.0 = Debug|Any CPU
		{FBF7ED0E-1FB1-4AC5-B0E7-8FB0D89BBD1D}.Release|Any CPU.ActiveCfg = Release|Any CPU
		{FBF7ED0E-1FB1-4AC5-B0E7-8FB0D89BBD1D}.Release|Any CPU.Build.0 = Release|Any CPU
	EndGlobalSection
	GlobalSection(SolutionProperties) = preSolution
		HideSolutionNode = FALSE
	EndGlobalSection
	GlobalSection(ExtensibilityGlobals) = postSolution
		SolutionGuid = {B9E09C88-6C01-4C13-83E6-AC47F1862022}
	EndGlobalSection
EndGlobal
